// !$*UTF8*$!
{
	archiveVersion = 1;
	classes = {
	};
	objectVersion = 51;
	objects = {

/* Begin PBXBuildFile section */
		13A4C14676E32CD0EC498F56 /* Pods_MyPlaceOne.framework in Frameworks */ = {isa = PBXBuildFile; fileRef = 0AA3B1399C53BDF1F6992101 /* Pods_MyPlaceOne.framework */; };
		C9100BEB265E1478008C0D7C /* AppDelegate.swift in Sources */ = {isa = PBXBuildFile; fileRef = C9100BEA265E1478008C0D7C /* AppDelegate.swift */; };
		C9100BED265E1478008C0D7C /* SceneDelegate.swift in Sources */ = {isa = PBXBuildFile; fileRef = C9100BEC265E1478008C0D7C /* SceneDelegate.swift */; };
		C9100BF4265E1479008C0D7C /* Assets.xcassets in Resources */ = {isa = PBXBuildFile; fileRef = C9100BF3265E1479008C0D7C /* Assets.xcassets */; };
		C9100BFF265E1585008C0D7C /* LaunchScreen.storyboard in Resources */ = {isa = PBXBuildFile; fileRef = C9100BFE265E1585008C0D7C /* LaunchScreen.storyboard */; };
		C9100C01265E158E008C0D7C /* Main.storyboard in Resources */ = {isa = PBXBuildFile; fileRef = C9100C00265E158E008C0D7C /* Main.storyboard */; };
		C9100C03265E15E8008C0D7C /* barbershopModel.swift in Sources */ = {isa = PBXBuildFile; fileRef = C9100C02265E15E8008C0D7C /* barbershopModel.swift */; };
		C9100C05265E1641008C0D7C /* CustomTableViewCell.swift in Sources */ = {isa = PBXBuildFile; fileRef = C9100C04265E1641008C0D7C /* CustomTableViewCell.swift */; };
		C9100C07265E1709008C0D7C /* NewPlaceViewController.swift in Sources */ = {isa = PBXBuildFile; fileRef = C9100C06265E1709008C0D7C /* NewPlaceViewController.swift */; };
		C9100C09265E17E3008C0D7C /* MainViewController.swift in Sources */ = {isa = PBXBuildFile; fileRef = C9100C08265E17E3008C0D7C /* MainViewController.swift */; };
		C9804F81265E21CB00C9A5A0 /* StorageManager.swift in Sources */ = {isa = PBXBuildFile; fileRef = C9804F80265E21CB00C9A5A0 /* StorageManager.swift */; };
/* End PBXBuildFile section */

/* Begin PBXFileReference section */
		0AA3B1399C53BDF1F6992101 /* Pods_MyPlaceOne.framework */ = {isa = PBXFileReference; explicitFileType = wrapper.framework; includeInIndex = 0; path = Pods_MyPlaceOne.framework; sourceTree = BUILT_PRODUCTS_DIR; };
		65765A83252C01EF326C3619 /* Pods-MyPlaceOne.debug.xcconfig */ = {isa = PBXFileReference; includeInIndex = 1; lastKnownFileType = text.xcconfig; name = "Pods-MyPlaceOne.debug.xcconfig"; path = "Target Support Files/Pods-MyPlaceOne/Pods-MyPlaceOne.debug.xcconfig"; sourceTree = "<group>"; };
		B6EABBBB63B236EAAFC24331 /* Pods-MyPlaceOne.release.xcconfig */ = {isa = PBXFileReference; includeInIndex = 1; lastKnownFileType = text.xcconfig; name = "Pods-MyPlaceOne.release.xcconfig"; path = "Target Support Files/Pods-MyPlaceOne/Pods-MyPlaceOne.release.xcconfig"; sourceTree = "<group>"; };
		C9100BE7265E1478008C0D7C /* MyPlaceOne.app */ = {isa = PBXFileReference; explicitFileType = wrapper.application; includeInIndex = 0; path = MyPlaceOne.app; sourceTree = BUILT_PRODUCTS_DIR; };
		C9100BEA265E1478008C0D7C /* AppDelegate.swift */ = {isa = PBXFileReference; lastKnownFileType = sourcecode.swift; path = AppDelegate.swift; sourceTree = "<group>"; };
		C9100BEC265E1478008C0D7C /* SceneDelegate.swift */ = {isa = PBXFileReference; lastKnownFileType = sourcecode.swift; path = SceneDelegate.swift; sourceTree = "<group>"; };
		C9100BF3265E1479008C0D7C /* Assets.xcassets */ = {isa = PBXFileReference; lastKnownFileType = folder.assetcatalog; path = Assets.xcassets; sourceTree = "<group>"; };
		C9100BF8265E1479008C0D7C /* Info.plist */ = {isa = PBXFileReference; lastKnownFileType = text.plist.xml; path = Info.plist; sourceTree = "<group>"; };
		C9100BFE265E1585008C0D7C /* LaunchScreen.storyboard */ = {isa = PBXFileReference; fileEncoding = 4; lastKnownFileType = file.storyboard; path = LaunchScreen.storyboard; sourceTree = "<group>"; };
		C9100C00265E158E008C0D7C /* Main.storyboard */ = {isa = PBXFileReference; fileEncoding = 4; lastKnownFileType = file.storyboard; path = Main.storyboard; sourceTree = "<group>"; };
		C9100C02265E15E8008C0D7C /* barbershopModel.swift */ = {isa = PBXFileReference; lastKnownFileType = sourcecode.swift; path = barbershopModel.swift; sourceTree = "<group>"; };
		C9100C04265E1641008C0D7C /* CustomTableViewCell.swift */ = {isa = PBXFileReference; lastKnownFileType = sourcecode.swift; path = CustomTableViewCell.swift; sourceTree = "<group>"; };
		C9100C06265E1709008C0D7C /* NewPlaceViewController.swift */ = {isa = PBXFileReference; lastKnownFileType = sourcecode.swift; path = NewPlaceViewController.swift; sourceTree = "<group>"; };
		C9100C08265E17E3008C0D7C /* MainViewController.swift */ = {isa = PBXFileReference; lastKnownFileType = sourcecode.swift; path = MainViewController.swift; sourceTree = "<group>"; };
		C9804F80265E21CB00C9A5A0 /* StorageManager.swift */ = {isa = PBXFileReference; lastKnownFileType = sourcecode.swift; path = StorageManager.swift; sourceTree = "<group>"; };
/* End PBXFileReference section */

/* Begin PBXFrameworksBuildPhase section */
		C9100BE4265E1478008C0D7C /* Frameworks */ = {
			isa = PBXFrameworksBuildPhase;
			buildActionMask = 2147483647;
			files = (
				13A4C14676E32CD0EC498F56 /* Pods_MyPlaceOne.framework in Frameworks */,
			);
			runOnlyForDeploymentPostprocessing = 0;
		};
/* End PBXFrameworksBuildPhase section */

/* Begin PBXGroup section */
		19F9A4ACBFFD1273C89F9CEB /* Pods */ = {
			isa = PBXGroup;
			children = (
				65765A83252C01EF326C3619 /* Pods-MyPlaceOne.debug.xcconfig */,
				B6EABBBB63B236EAAFC24331 /* Pods-MyPlaceOne.release.xcconfig */,
			);
			path = Pods;
			sourceTree = "<group>";
		};
		C9100BDE265E1478008C0D7C = {
			isa = PBXGroup;
			children = (
				C9100BE9265E1478008C0D7C /* MyPlaceOne */,
				C9100BE8265E1478008C0D7C /* Products */,
				19F9A4ACBFFD1273C89F9CEB /* Pods */,
				E2F4672B5AD0C106E75A29DD /* Frameworks */,
			);
			sourceTree = "<group>";
		};
		C9100BE8265E1478008C0D7C /* Products */ = {
			isa = PBXGroup;
			children = (
				C9100BE7265E1478008C0D7C /* MyPlaceOne.app */,
			);
			name = Products;
			sourceTree = "<group>";
		};
		C9100BE9265E1478008C0D7C /* MyPlaceOne */ = {
			isa = PBXGroup;
			children = (
				C9100BEA265E1478008C0D7C /* AppDelegate.swift */,
				C9100BEC265E1478008C0D7C /* SceneDelegate.swift */,
				C9100C00265E158E008C0D7C /* Main.storyboard */,
				C9100C08265E17E3008C0D7C /* MainViewController.swift */,
				C9100C04265E1641008C0D7C /* CustomTableViewCell.swift */,
				C9100C02265E15E8008C0D7C /* barbershopModel.swift */,
				C9804F80265E21CB00C9A5A0 /* StorageManager.swift */,
				C9100C06265E1709008C0D7C /* NewPlaceViewController.swift */,
				C9100BF3265E1479008C0D7C /* Assets.xcassets */,
				C9100BFE265E1585008C0D7C /* LaunchScreen.storyboard */,
				C9100BF8265E1479008C0D7C /* Info.plist */,
			);
			path = MyPlaceOne;
			sourceTree = "<group>";
		};
		E2F4672B5AD0C106E75A29DD /* Frameworks */ = {
			isa = PBXGroup;
			children = (
				0AA3B1399C53BDF1F6992101 /* Pods_MyPlaceOne.framework */,
			);
			name = Frameworks;
			sourceTree = "<group>";
		};
/* End PBXGroup section */

/* Begin PBXNativeTarget section */
		C9100BE6265E1478008C0D7C /* MyPlaceOne */ = {
			isa = PBXNativeTarget;
			buildConfigurationList = C9100BFB265E1479008C0D7C /* Build configuration list for PBXNativeTarget "MyPlaceOne" */;
			buildPhases = (
				CE7B43B3521FBEA4DC6B3E0D /* [CP] Check Pods Manifest.lock */,
				C9100BE3265E1478008C0D7C /* Sources */,
				C9100BE4265E1478008C0D7C /* Frameworks */,
				C9100BE5265E1478008C0D7C /* Resources */,
				65DD2F29C7D5622305DB7C04 /* [CP] Embed Pods Frameworks */,
			);
			buildRules = (
			);
			dependencies = (
			);
			name = MyPlaceOne;
			productName = MyPlaceOne;
			productReference = C9100BE7265E1478008C0D7C /* MyPlaceOne.app */;
			productType = "com.apple.product-type.application";
		};
/* End PBXNativeTarget section */

/* Begin PBXProject section */
		C9100BDF265E1478008C0D7C /* Project object */ = {
			isa = PBXProject;
			attributes = {
				LastSwiftUpdateCheck = 1250;
				LastUpgradeCheck = 1250;
				TargetAttributes = {
					C9100BE6265E1478008C0D7C = {
						CreatedOnToolsVersion = 12.5;
					};
				};
			};
			buildConfigurationList = C9100BE2265E1478008C0D7C /* Build configuration list for PBXProject "MyPlaceOne" */;
			compatibilityVersion = "Xcode 9.3";
			developmentRegion = en;
			hasScannedForEncodings = 0;
			knownRegions = (
				en,
				Base,
			);
			mainGroup = C9100BDE265E1478008C0D7C;
			productRefGroup = C9100BE8265E1478008C0D7C /* Products */;
			projectDirPath = "";
			projectRoot = "";
			targets = (
				C9100BE6265E1478008C0D7C /* MyPlaceOne */,
			);
		};
/* End PBXProject section */

/* Begin PBXResourcesBuildPhase section */
		C9100BE5265E1478008C0D7C /* Resources */ = {
			isa = PBXResourcesBuildPhase;
			buildActionMask = 2147483647;
			files = (
				C9100C01265E158E008C0D7C /* Main.storyboard in Resources */,
				C9100BF4265E1479008C0D7C /* Assets.xcassets in Resources */,
				C9100BFF265E1585008C0D7C /* LaunchScreen.storyboard in Resources */,
			);
			runOnlyForDeploymentPostprocessing = 0;
		};
/* End PBXResourcesBuildPhase section */

/* Begin PBXShellScriptBuildPhase section */
		65DD2F29C7D5622305DB7C04 /* [CP] Embed Pods Frameworks */ = {
			isa = PBXShellScriptBuildPhase;
			buildActionMask = 2147483647;
			files = (
			);
			inputFileListPaths = (
				"${PODS_ROOT}/Target Support Files/Pods-MyPlaceOne/Pods-MyPlaceOne-frameworks-${CONFIGURATION}-input-files.xcfilelist",
			);
			name = "[CP] Embed Pods Frameworks";
			outputFileListPaths = (
				"${PODS_ROOT}/Target Support Files/Pods-MyPlaceOne/Pods-MyPlaceOne-frameworks-${CONFIGURATION}-output-files.xcfilelist",
			);
			runOnlyForDeploymentPostprocessing = 0;
			shellPath = /bin/sh;
			shellScript = "\"${PODS_ROOT}/Target Support Files/Pods-MyPlaceOne/Pods-MyPlaceOne-frameworks.sh\"\n";
			showEnvVarsInLog = 0;
		};
		CE7B43B3521FBEA4DC6B3E0D /* [CP] Check Pods Manifest.lock */ = {
			isa = PBXShellScriptBuildPhase;
			buildActionMask = 2147483647;
			files = (
			);
			inputFileListPaths = (
			);
			inputPaths = (
				"${PODS_PODFILE_DIR_PATH}/Podfile.lock",
				"${PODS_ROOT}/Manifest.lock",
			);
			name = "[CP] Check Pods Manifest.lock";
			outputFileListPaths = (
			);
			outputPaths = (
				"$(DERIVED_FILE_DIR)/Pods-MyPlaceOne-checkManifestLockResult.txt",
			);
			runOnlyForDeploymentPostprocessing = 0;
			shellPath = /bin/sh;
			shellScript = "diff \"${PODS_PODFILE_DIR_PATH}/Podfile.lock\" \"${PODS_ROOT}/Manifest.lock\" > /dev/null\nif [ $? != 0 ] ; then\n    # print error to STDERR\n    echo \"error: The sandbox is not in sync with the Podfile.lock. Run 'pod install' or update your CocoaPods installation.\" >&2\n    exit 1\nfi\n# This output is used by Xcode 'outputs' to avoid re-running this script phase.\necho \"SUCCESS\" > \"${SCRIPT_OUTPUT_FILE_0}\"\n";
			showEnvVarsInLog = 0;
		};
/* End PBXShellScriptBuildPhase section */

/* Begin PBXSourcesBuildPhase section */
		C9100BE3265E1478008C0D7C /* Sources */ = {
			isa = PBXSourcesBuildPhase;
			buildActionMask = 2147483647;
			files = (
				C9100C07265E1709008C0D7C /* NewPlaceViewController.swift in Sources */,
				C9100C05265E1641008C0D7C /* CustomTableViewCell.swift in Sources */,
				C9100C03265E15E8008C0D7C /* barbershopModel.swift in Sources */,
				C9804F81265E21CB00C9A5A0 /* StorageManager.swift in Sources */,
				C9100C09265E17E3008C0D7C /* MainViewController.swift in Sources */,
				C9100BEB265E1478008C0D7C /* AppDelegate.swift in Sources */,
				C9100BED265E1478008C0D7C /* SceneDelegate.swift in Sources */,
			);
			runOnlyForDeploymentPostprocessing = 0;
		};
/* End PBXSourcesBuildPhase section */

/* Begin XCBuildConfiguration section */
		C9100BF9265E1479008C0D7C /* Debug */ = {
			isa = XCBuildConfiguration;
			buildSettings = {
				ALWAYS_SEARCH_USER_PATHS = NO;
				CLANG_ANALYZER_NONNULL = YES;
				CLANG_ANALYZER_NUMBER_OBJECT_CONVERSION = YES_AGGRESSIVE;
				CLANG_CXX_LANGUAGE_STANDARD = "gnu++14";
				CLANG_CXX_LIBRARY = "libc++";
				CLANG_ENABLE_MODULES = YES;
				CLANG_ENABLE_OBJC_ARC = YES;
				CLANG_ENABLE_OBJC_WEAK = YES;
				CLANG_WARN_BLOCK_CAPTURE_AUTORELEASING = YES;
				CLANG_WARN_BOOL_CONVERSION = YES;
				CLANG_WARN_COMMA = YES;
				CLANG_WARN_CONSTANT_CONVERSION = YES;
				CLANG_WARN_DEPRECATED_OBJC_IMPLEMENTATIONS = YES;
				CLANG_WARN_DIRECT_OBJC_ISA_USAGE = YES_ERROR;
				CLANG_WARN_DOCUMENTATION_COMMENTS = YES;
				CLANG_WARN_EMPTY_BODY = YES;
				CLANG_WARN_ENUM_CONVERSION = YES;
				CLANG_WARN_INFINITE_RECURSION = YES;
				CLANG_WARN_INT_CONVERSION = YES;
				CLANG_WARN_NON_LITERAL_NULL_CONVERSION = YES;
				CLANG_WARN_OBJC_IMPLICIT_RETAIN_SELF = YES;
				CLANG_WARN_OBJC_LITERAL_CONVERSION = YES;
				CLANG_WARN_OBJC_ROOT_CLASS = YES_ERROR;
				CLANG_WARN_QUOTED_INCLUDE_IN_FRAMEWORK_HEADER = YES;
				CLANG_WARN_RANGE_LOOP_ANALYSIS = YES;
				CLANG_WARN_STRICT_PROTOTYPES = YES;
				CLANG_WARN_SUSPICIOUS_MOVE = YES;
				CLANG_WARN_UNGUARDED_AVAILABILITY = YES_AGGRESSIVE;
				CLANG_WARN_UNREACHABLE_CODE = YES;
				CLANG_WARN__DUPLICATE_METHOD_MATCH = YES;
				COPY_PHASE_STRIP = NO;
				DEBUG_INFORMATION_FORMAT = dwarf;
				ENABLE_STRICT_OBJC_MSGSEND = YES;
				ENABLE_TESTABILITY = YES;
				GCC_C_LANGUAGE_STANDARD = gnu11;
				GCC_DYNAMIC_NO_PIC = NO;
				GCC_NO_COMMON_BLOCKS = YES;
				GCC_OPTIMIZATION_LEVEL = 0;
				GCC_PREPROCESSOR_DEFINITIONS = (
					"DEBUG=1",
					"$(inherited)",
				);
				GCC_WARN_64_TO_32_BIT_CONVERSION = YES;
				GCC_WARN_ABOUT_RETURN_TYPE = YES_ERROR;
				GCC_WARN_UNDECLARED_SELECTOR = YES;
				GCC_WARN_UNINITIALIZED_AUTOS = YES_AGGRESSIVE;
				GCC_WARN_UNUSED_FUNCTION = YES;
				GCC_WARN_UNUSED_VARIABLE = YES;
				IPHONEOS_DEPLOYMENT_TARGET = 14.5;
				MTL_ENABLE_DEBUG_INFO = INCLUDE_SOURCE;
				MTL_FAST_MATH = YES;
				ONLY_ACTIVE_ARCH = YES;
				SDKROOT = iphoneos;
				SWIFT_ACTIVE_COMPILATION_CONDITIONS = DEBUG;
				SWIFT_OPTIMIZATION_LEVEL = "-Onone";
			};
			name = Debug;
		};
		C9100BFA265E1479008C0D7C /* Release */ = {
			isa = XCBuildConfiguration;
			buildSettings = {
				ALWAYS_SEARCH_USER_PATHS = NO;
				CLANG_ANALYZER_NONNULL = YES;
				CLANG_ANALYZER_NUMBER_OBJECT_CONVERSION = YES_AGGRESSIVE;
				CLANG_CXX_LANGUAGE_STANDARD = "gnu++14";
				CLANG_CXX_LIBRARY = "libc++";
				CLANG_ENABLE_MODULES = YES;
				CLANG_ENABLE_OBJC_ARC = YES;
				CLANG_ENABLE_OBJC_WEAK = YES;
				CLANG_WARN_BLOCK_CAPTURE_AUTORELEASING = YES;
				CLANG_WARN_BOOL_CONVERSION = YES;
				CLANG_WARN_COMMA = YES;
				CLANG_WARN_CONSTANT_CONVERSION = YES;
				CLANG_WARN_DEPRECATED_OBJC_IMPLEMENTATIONS = YES;
				CLANG_WARN_DIRECT_OBJC_ISA_USAGE = YES_ERROR;
				CLANG_WARN_DOCUMENTATION_COMMENTS = YES;
				CLANG_WARN_EMPTY_BODY = YES;
				CLANG_WARN_ENUM_CONVERSION = YES;
				CLANG_WARN_INFINITE_RECURSION = YES;
				CLANG_WARN_INT_CONVERSION = YES;
				CLANG_WARN_NON_LITERAL_NULL_CONVERSION = YES;
				CLANG_WARN_OBJC_IMPLICIT_RETAIN_SELF = YES;
				CLANG_WARN_OBJC_LITERAL_CONVERSION = YES;
				CLANG_WARN_OBJC_ROOT_CLASS = YES_ERROR;
				CLANG_WARN_QUOTED_INCLUDE_IN_FRAMEWORK_HEADER = YES;
				CLANG_WARN_RANGE_LOOP_ANALYSIS = YES;
				CLANG_WARN_STRICT_PROTOTYPES = YES;
				CLANG_WARN_SUSPICIOUS_MOVE = YES;
				CLANG_WARN_UNGUARDED_AVAILABILITY = YES_AGGRESSIVE;
				CLANG_WARN_UNREACHABLE_CODE = YES;
				CLANG_WARN__DUPLICATE_METHOD_MATCH = YES;
				COPY_PHASE_STRIP = NO;
				DEBUG_INFORMATION_FORMAT = "dwarf-with-dsym";
				ENABLE_NS_ASSERTIONS = NO;
				ENABLE_STRICT_OBJC_MSGSEND = YES;
				GCC_C_LANGUAGE_STANDARD = gnu11;
				GCC_NO_COMMON_BLOCKS = YES;
				GCC_WARN_64_TO_32_BIT_CONVERSION = YES;
				GCC_WARN_ABOUT_RETURN_TYPE = YES_ERROR;
				GCC_WARN_UNDECLARED_SELECTOR = YES;
				GCC_WARN_UNINITIALIZED_AUTOS = YES_AGGRESSIVE;
				GCC_WARN_UNUSED_FUNCTION = YES;
				GCC_WARN_UNUSED_VARIABLE = YES;
				IPHONEOS_DEPLOYMENT_TARGET = 14.5;
				MTL_ENABLE_DEBUG_INFO = NO;
				MTL_FAST_MATH = YES;
				SDKROOT = iphoneos;
				SWIFT_COMPILATION_MODE = wholemodule;
				SWIFT_OPTIMIZATION_LEVEL = "-O";
				VALIDATE_PRODUCT = YES;
			};
			name = Release;
		};
		C9100BFC265E1479008C0D7C /* Debug */ = {
			isa = XCBuildConfiguration;
			baseConfigurationReference = 65765A83252C01EF326C3619 /* Pods-MyPlaceOne.debug.xcconfig */;
			buildSettings = {
				ASSETCATALOG_COMPILER_APPICON_NAME = AppIcon;
				ASSETCATALOG_COMPILER_GLOBAL_ACCENT_COLOR_NAME = AccentColor;
				CODE_SIGN_STYLE = Automatic;
				DEVELOPMENT_TEAM = 3TY5U73KTT;
				INFOPLIST_FILE = MyPlaceOne/Info.plist;
				IPHONEOS_DEPLOYMENT_TARGET = 13.0;
				LD_RUNPATH_SEARCH_PATHS = (
					"$(inherited)",
					"@executable_path/Frameworks",
				);
				PRODUCT_BUNDLE_IDENTIFIER = ru.VazhenAndy.MyPlaceOne;
				PRODUCT_NAME = "$(TARGET_NAME)";
				SWIFT_VERSION = 5.0;
				TARGETED_DEVICE_FAMILY = "1,2";
			};
			name = Debug;
		};
		C9100BFD265E1479008C0D7C /* Release */ = {
			isa = XCBuildConfiguration;
			baseConfigurationReference = B6EABBBB63B236EAAFC24331 /* Pods-MyPlaceOne.release.xcconfig */;
			buildSettings = {
				ASSETCATALOG_COMPILER_APPICON_NAME = AppIcon;
				ASSETCATALOG_COMPILER_GLOBAL_ACCENT_COLOR_NAME = AccentColor;
				CODE_SIGN_STYLE = Automatic;
				DEVELOPMENT_TEAM = 3TY5U73KTT;
				INFOPLIST_FILE = MyPlaceOne/Info.plist;
				IPHONEOS_DEPLOYMENT_TARGET = 13.0;
				LD_RUNPATH_SEARCH_PATHS = (
					"$(inherited)",
					"@executable_path/Frameworks",
				);
				PRODUCT_BUNDLE_IDENTIFIER = ru.VazhenAndy.MyPlaceOne;
				PRODUCT_NAME = "$(TARGET_NAME)";
				SWIFT_VERSION = 5.0;
				TARGETED_DEVICE_FAMILY = "1,2";
			};
			name = Release;
		};
/* End XCBuildConfiguration section */

/* Begin XCConfigurationList section */
		C9100BE2265E1478008C0D7C /* Build configuration list for PBXProject "MyPlaceOne" */ = {
			isa = XCConfigurationList;
			buildConfigurations = (
				C9100BF9265E1479008C0D7C /* Debug */,
				C9100BFA265E1479008C0D7C /* Release */,
			);
			defaultConfigurationIsVisible = 0;
			defaultConfigurationName = Release;
		};
		C9100BFB265E1479008C0D7C /* Build configuration list for PBXNativeTarget "MyPlaceOne" */ = {
			isa = XCConfigurationList;
			buildConfigurations = (
				C9100BFC265E1479008C0D7C /* Debug */,
				C9100BFD265E1479008C0D7C /* Release */,
			);
			defaultConfigurationIsVisible = 0;
			defaultConfigurationName = Release;
		};
/* End XCConfigurationList section */
	};
	rootObject = C9100BDF265E1478008C0D7C /* Project object */;
}
